
Microsoft Visual Studio Solution File, Format Version 12.00
# Visual Studio Version 17
VisualStudioVersion = 17.7.33711.374
MinimumVisualStudioVersion = 10.0.40219.1
Project("{2150E333-8FDC-42A3-9474-1A3956D46DE8}") = "Solution Files", "Solution Files", "{6C58DD04-B706-4938-9076-F285899A9DFF}"
	ProjectSection(SolutionItems) = preProject
		.gitignore = .gitignore
		Icon.png = Icon.png
		LICENSE = LICENSE
		README.md = README.md
	EndProjectSection
EndProject
Project("{9A19103F-16F7-4668-BE54-9A1E7A4F7556}") = "NetFabric", "src\NetFabric\NetFabric.csproj", "{5DAB77B4-28CB-4529-B169-1F3640265AF3}"
EndProject
Project("{9A19103F-16F7-4668-BE54-9A1E7A4F7556}") = "NetFabric.Benchmarks", "src\NetFabric.Benchmarks\NetFabric.Benchmarks.csproj", "{0E88BAFD-3CD9-4B72-B471-D06D151A3AB5}"
EndProject
Project("{FAE04EC0-301F-11D3-BF4B-00C04F79EFBC}") = "NetFabric.UnitTests", "NetFabric.UnitTests\NetFabric.UnitTests.csproj", "{E4721F17-24BB-479A-87AD-D147CEFEDAC9}"
EndProject
Project("{2150E333-8FDC-42A3-9474-1A3956D46DE8}") = "Docs", "Docs", "{1AD7E2E8-6013-40E3-9366-A02584E5EFE4}"
	ProjectSection(SolutionItems) = preProject
		docs\docfx.json = docs\docfx.json
		docs\index.md = docs\index.md
	EndProjectSection
EndProject
Project("{2150E333-8FDC-42A3-9474-1A3956D46DE8}") = "Workflows", "Workflows", "{B1AAE32F-F599-46A9-AC14-32E2F03A8BF8}"
	ProjectSection(SolutionItems) = preProject
		.github\workflows\docs.yml = .github\workflows\docs.yml
		.github\workflows\dotnet.yml = .github\workflows\dotnet.yml
	EndProjectSection
EndProject
Global
	GlobalSection(SolutionConfigurationPlatforms) = preSolution
		Debug|Any CPU = Debug|Any CPU
		Release|Any CPU = Release|Any CPU
	EndGlobalSection
	GlobalSection(ProjectConfigurationPlatforms) = postSolution
		{5DAB77B4-28CB-4529-B169-1F3640265AF3}.Debug|Any CPU.ActiveCfg = Debug|Any CPU
		{5DAB77B4-28CB-4529-B169-1F3640265AF3}.Debug|Any CPU.Build.0 = Debug|Any CPU
		{5DAB77B4-28CB-4529-B169-1F3640265AF3}.Release|Any CPU.ActiveCfg = Release|Any CPU
		{5DAB77B4-28CB-4529-B169-1F3640265AF3}.Release|Any CPU.Build.0 = Release|Any CPU
		{0E88BAFD-3CD9-4B72-B471-D06D151A3AB5}.Debug|Any CPU.ActiveCfg = Debug|Any CPU
		{0E88BAFD-3CD9-4B72-B471-D06D151A3AB5}.Debug|Any CPU.Build.0 = Debug|Any CPU
		{0E88BAFD-3CD9-4B72-B471-D06D151A3AB5}.Release|Any CPU.ActiveCfg = Release|Any CPU
		{0E88BAFD-3CD9-4B72-B471-D06D151A3AB5}.Release|Any CPU.Build.0 = Release|Any CPU
		{E4721F17-24BB-479A-87AD-D147CEFEDAC9}.Debug|Any CPU.ActiveCfg = Debug|Any CPU
		{E4721F17-24BB-479A-87AD-D147CEFEDAC9}.Debug|Any CPU.Build.0 = Debug|Any CPU
		{E4721F17-24BB-479A-87AD-D147CEFEDAC9}.Release|Any CPU.ActiveCfg = Release|Any CPU
		{E4721F17-24BB-479A-87AD-D147CEFEDAC9}.Release|Any CPU.Build.0 = Release|Any CPU
	EndGlobalSection
	GlobalSection(SolutionProperties) = preSolution
		HideSolutionNode = FALSE
	EndGlobalSection
	GlobalSection(ExtensibilityGlobals) = postSolution
		SolutionGuid = {CD680083-4EF8-4288-B823-9EC9B0584997}
	EndGlobalSection
EndGlobal
